
Microsoft Visual Studio Solution File, Format Version 12.00
# Visual Studio Version 17
VisualStudioVersion = 17.8.34525.116
MinimumVisualStudioVersion = 10.0.40219.1
Project("{FAE04EC0-301F-11D3-BF4B-00C04F79EFBC}") = "DesafioConspiracao", "DesafioConspiracao\DesafioConspiracao.csproj", "{A82ED396-BE1D-483D-9A30-81DAD2854EAE}"
EndProject
Global
	GlobalSection(SolutionConfigurationPlatforms) = preSolution
		Debug|Any CPU = Debug|Any CPU
		Release|Any CPU = Release|Any CPU
	EndGlobalSection
	GlobalSection(ProjectConfigurationPlatforms) = postSolution
		{A82ED396-BE1D-483D-9A30-81DAD2854EAE}.Debug|Any CPU.ActiveCfg = Debug|Any CPU
		{A82ED396-BE1D-483D-9A30-81DAD2854EAE}.Debug|Any CPU.Build.0 = Debug|Any CPU
		{A82ED396-BE1D-483D-9A30-81DAD2854EAE}.Release|Any CPU.ActiveCfg = Release|Any CPU
		{A82ED396-BE1D-483D-9A30-81DAD2854EAE}.Release|Any CPU.Build.0 = Release|Any CPU
	EndGlobalSection
	GlobalSection(SolutionProperties) = preSolution
		HideSolutionNode = FALSE
	EndGlobalSection
	GlobalSection(ExtensibilityGlobals) = postSolution
		SolutionGuid = {A748E3B8-0229-4556-83C7-AC02B2E1F188}
	EndGlobalSection
EndGlobal
